
Microsoft Visual Studio Solution File, Format Version 12.00
Project("{FAE04EC0-301F-11D3-BF4B-00C04F79EFBC}") = "VCommerce.Api", "src/VCommerce.Api\VCommerce.Api.csproj", "{6BFDF945-60F4-4E06-B884-706323927E74}"
EndProject

Global
	GlobalSection(SolutionConfigurationPlatforms) = preSolution
		Debug|Any CPU = Debug|Any CPU
		Release|Any CPU = Release|Any CPU
	EndGlobalSection
	GlobalSection(NestedProjects) = preSolution
		{6BFDF945-60F4-4E06-B884-706323927E74} = {0B6EFAD1-FD91-4320-B0EF-56A334EE24F1}
	EndGlobalSection
	GlobalSection(ProjectConfigurationPlatforms) = postSolution
		{6BFDF945-60F4-4E06-B884-706323927E74}.Debug|Any CPU.ActiveCfg = Debug|Any CPU
		{6BFDF945-60F4-4E06-B884-706323927E74}.Debug|Any CPU.Build.0 = Debug|Any CPU
		{6BFDF945-60F4-4E06-B884-706323927E74}.Release|Any CPU.ActiveCfg = Release|Any CPU
		{6BFDF945-60F4-4E06-B884-706323927E74}.Release|Any CPU.Build.0 = Release|Any CPU
	EndGlobalSection
EndGlobal
