
Microsoft Visual Studio Solution File, Format Version 12.00
Project("{FAE04EC0-301F-11D3-BF4B-00C04F79EFBC}") = "VCommerce.Api", "src/webapi/VCommerce.Api\VCommerce.Api.csproj", "{6BFDF945-60F4-4E06-B884-706323927E74}"
EndProject
Project("{FAE04EC0-301F-11D3-BF4B-00C04F79EFBC}") = "VCommerce.Mvc", "src/webapp/VCommerce.Mvc\VCommerce.Mvc.csproj", "{E3B38B6B-9D69-4DF3-8A83-53AEB779413A}"
EndProject
Project("{2150E333-8FDC-42A3-9474-1A3956D46DE8}") = "src", "src", "{56681F46-4E25-4F3C-A334-F7CE92B59C73}"
EndProject
Project("{2150E333-8FDC-42A3-9474-1A3956D46DE8}") = "webapi", "webapi", "{2088D54B-0D0D-464A-A033-D8005DA58AA7}"
EndProject
Project("{2150E333-8FDC-42A3-9474-1A3956D46DE8}") = "webapp", "webapp", "{4B498F26-5BF3-4E61-BEC7-913F9722A016}"
EndProject
Project("{2150E333-8FDC-42A3-9474-1A3956D46DE8}") = "worker", "worker", "{AD5A2719-4754-4F19-AEDB-D9FADD1BA88B}"
EndProject
Project("{FAE04EC0-301F-11D3-BF4B-00C04F79EFBC}") = "WorkerService", "src/worker/WorkerService\WorkerService.csproj", "{44EFACBB-084F-4CF2-B3AD-ED3700D2EB9F}"
EndProject
Project("{2150E333-8FDC-42A3-9474-1A3956D46DE8}") = "tests", "tests", "{A5AFE61B-D31B-43B9-8BA3-23C2D9C0ABA7}"
	ProjectSection(SolutionItems) = preProject
		tests\.gitignore = tests\.gitignore
	EndProjectSection
EndProject
Project("{2150E333-8FDC-42A3-9474-1A3956D46DE8}") = "unitTests", "unitTests", "{8075055F-EF01-4DDB-9706-7B5C47043166}"
	ProjectSection(SolutionItems) = preProject
		tests\unitTests\.gitignore = tests\unitTests\.gitignore
	EndProjectSection
EndProject
Project("{FAE04EC0-301F-11D3-BF4B-00C04F79EFBC}") = "VCommerce.Tests.UnitTests", "tests\unitTests\VCommerce.Tests.UnitTests\VCommerce.Tests.UnitTests.csproj", "{11140F8D-A05D-4A58-A700-CF9D8971DFE9}"
EndProject

Global
	GlobalSection(SolutionConfigurationPlatforms) = preSolution
		Debug|Any CPU = Debug|Any CPU
		Release|Any CPU = Release|Any CPU
	EndGlobalSection
	GlobalSection(NestedProjects) = preSolution
		{2088D54B-0D0D-464A-A033-D8005DA58AA7} = {56681F46-4E25-4F3C-A334-F7CE92B59C73}
		{4B498F26-5BF3-4E61-BEC7-913F9722A016} = {56681F46-4E25-4F3C-A334-F7CE92B59C73}
		{6BFDF945-60F4-4E06-B884-706323927E74} = {2088D54B-0D0D-464A-A033-D8005DA58AA7}
		{E3B38B6B-9D69-4DF3-8A83-53AEB779413A} = {4B498F26-5BF3-4E61-BEC7-913F9722A016}
		{AD5A2719-4754-4F19-AEDB-D9FADD1BA88B} = {56681F46-4E25-4F3C-A334-F7CE92B59C73}
		{44EFACBB-084F-4CF2-B3AD-ED3700D2EB9F} = {AD5A2719-4754-4F19-AEDB-D9FADD1BA88B}
		{8075055F-EF01-4DDB-9706-7B5C47043166} = {A5AFE61B-D31B-43B9-8BA3-23C2D9C0ABA7}
		{11140F8D-A05D-4A58-A700-CF9D8971DFE9} = {8075055F-EF01-4DDB-9706-7B5C47043166}
	EndGlobalSection
	GlobalSection(ProjectConfigurationPlatforms) = postSolution
		{6BFDF945-60F4-4E06-B884-706323927E74}.Debug|Any CPU.ActiveCfg = Debug|Any CPU
		{6BFDF945-60F4-4E06-B884-706323927E74}.Debug|Any CPU.Build.0 = Debug|Any CPU
		{6BFDF945-60F4-4E06-B884-706323927E74}.Release|Any CPU.ActiveCfg = Release|Any CPU
		{6BFDF945-60F4-4E06-B884-706323927E74}.Release|Any CPU.Build.0 = Release|Any CPU
		{E3B38B6B-9D69-4DF3-8A83-53AEB779413A}.Debug|Any CPU.ActiveCfg = Debug|Any CPU
		{E3B38B6B-9D69-4DF3-8A83-53AEB779413A}.Debug|Any CPU.Build.0 = Debug|Any CPU
		{E3B38B6B-9D69-4DF3-8A83-53AEB779413A}.Release|Any CPU.ActiveCfg = Release|Any CPU
		{E3B38B6B-9D69-4DF3-8A83-53AEB779413A}.Release|Any CPU.Build.0 = Release|Any CPU
		{44EFACBB-084F-4CF2-B3AD-ED3700D2EB9F}.Debug|Any CPU.ActiveCfg = Debug|Any CPU
		{44EFACBB-084F-4CF2-B3AD-ED3700D2EB9F}.Debug|Any CPU.Build.0 = Debug|Any CPU
		{44EFACBB-084F-4CF2-B3AD-ED3700D2EB9F}.Release|Any CPU.ActiveCfg = Release|Any CPU
		{44EFACBB-084F-4CF2-B3AD-ED3700D2EB9F}.Release|Any CPU.Build.0 = Release|Any CPU
		{11140F8D-A05D-4A58-A700-CF9D8971DFE9}.Debug|Any CPU.ActiveCfg = Debug|Any CPU
		{11140F8D-A05D-4A58-A700-CF9D8971DFE9}.Debug|Any CPU.Build.0 = Debug|Any CPU
		{11140F8D-A05D-4A58-A700-CF9D8971DFE9}.Release|Any CPU.ActiveCfg = Release|Any CPU
		{11140F8D-A05D-4A58-A700-CF9D8971DFE9}.Release|Any CPU.Build.0 = Release|Any CPU
	EndGlobalSection
EndGlobal
